
Microsoft Visual Studio Solution File, Format Version 12.00
# Visual Studio Version 16
VisualStudioVersion = 16.0.31205.134
MinimumVisualStudioVersion = 10.0.40219.1
Project("{9A19103F-16F7-4668-BE54-9A1E7A4F7556}") = "ExplorerGX.Core", "ExplorerGX.Core\ExplorerGX.Core.csproj", "{C2DFA822-4B80-457C-9CDA-01D247EC6D9D}"
EndProject
Project("{9A19103F-16F7-4668-BE54-9A1E7A4F7556}") = "ExplorerGX.Desktop.Windows", "ExplorerGX.Desktop.Windows\ExplorerGX.Desktop.Windows.csproj", "{F55F6BC0-1D0F-4E74-864D-C78D22DD69A0}"
EndProject
Project("{9A19103F-16F7-4668-BE54-9A1E7A4F7556}") = "ExplorerGX.Console", "ExplorerGX.Console\ExplorerGX.Console.csproj", "{2BFE955D-85DF-4790-A362-79F2E3CB21E3}"
EndProject
Global
	GlobalSection(SolutionConfigurationPlatforms) = preSolution
		Debug|Any CPU = Debug|Any CPU
		Release|Any CPU = Release|Any CPU
	EndGlobalSection
	GlobalSection(ProjectConfigurationPlatforms) = postSolution
		{C2DFA822-4B80-457C-9CDA-01D247EC6D9D}.Debug|Any CPU.ActiveCfg = Debug|Any CPU
		{C2DFA822-4B80-457C-9CDA-01D247EC6D9D}.Debug|Any CPU.Build.0 = Debug|Any CPU
		{C2DFA822-4B80-457C-9CDA-01D247EC6D9D}.Release|Any CPU.ActiveCfg = Release|Any CPU
		{C2DFA822-4B80-457C-9CDA-01D247EC6D9D}.Release|Any CPU.Build.0 = Release|Any CPU
		{F55F6BC0-1D0F-4E74-864D-C78D22DD69A0}.Debug|Any CPU.ActiveCfg = Debug|Any CPU
		{F55F6BC0-1D0F-4E74-864D-C78D22DD69A0}.Debug|Any CPU.Build.0 = Debug|Any CPU
		{F55F6BC0-1D0F-4E74-864D-C78D22DD69A0}.Release|Any CPU.ActiveCfg = Release|Any CPU
		{F55F6BC0-1D0F-4E74-864D-C78D22DD69A0}.Release|Any CPU.Build.0 = Release|Any CPU
		{2BFE955D-85DF-4790-A362-79F2E3CB21E3}.Debug|Any CPU.ActiveCfg = Debug|Any CPU
		{2BFE955D-85DF-4790-A362-79F2E3CB21E3}.Debug|Any CPU.Build.0 = Debug|Any CPU
		{2BFE955D-85DF-4790-A362-79F2E3CB21E3}.Release|Any CPU.ActiveCfg = Release|Any CPU
		{2BFE955D-85DF-4790-A362-79F2E3CB21E3}.Release|Any CPU.Build.0 = Release|Any CPU
	EndGlobalSection
	GlobalSection(SolutionProperties) = preSolution
		HideSolutionNode = FALSE
	EndGlobalSection
	GlobalSection(ExtensibilityGlobals) = postSolution
		SolutionGuid = {FD96CF9D-2C74-41E1-B43A-8DD643432A0E}
	EndGlobalSection
EndGlobal
